
Microsoft Visual Studio Solution File, Format Version 12.00
# Visual Studio Version 16
VisualStudioVersion = 16.0.29326.143
MinimumVisualStudioVersion = 10.0.40219.1
Project("{9A19103F-16F7-4668-BE54-9A1E7A4F7556}") = "DynamicsAdapter.Web", "DynamicsAdapter.Web\DynamicsAdapter.Web.csproj", "{D12D1FFC-9434-4E45-BD8A-51D2AECDC680}"
EndProject
Project("{2150E333-8FDC-42A3-9474-1A3956D46DE8}") = "src", "src", "{8E50E690-382C-414E-AC59-30874FA77929}"
EndProject
Project("{2150E333-8FDC-42A3-9474-1A3956D46DE8}") = "test", "test", "{1BE19189-029E-4D64-973E-9885F1F82B08}"
EndProject
Project("{9A19103F-16F7-4668-BE54-9A1E7A4F7556}") = "DynamicsAdapter.Web.Test", "DynamicsAdapter.Web.Test\DynamicsAdapter.Web.Test.csproj", "{6283EFDD-21EC-4FE5-B01E-54588BBB8FCD}"
EndProject
Project("{9A19103F-16F7-4668-BE54-9A1E7A4F7556}") = "Fams3Adapter.Dynamics", "Fams3Adapter.Dynamics\Fams3Adapter.Dynamics.csproj", "{64CD5D00-7677-4F3B-BBAA-8F70B68DB4A7}"
EndProject
Project("{9A19103F-16F7-4668-BE54-9A1E7A4F7556}") = "Fams3Adapter.Dynamics.Test", "Fams3Adapter.Dynamics.Test\Fams3Adapter.Dynamics.Test.csproj", "{F0A1BDFD-08C2-4A1E-A6CB-BD996B2274CF}"
EndProject
Project("{2150E333-8FDC-42A3-9474-1A3956D46DE8}") = "Solution", "Solution", "{1F6CDFFA-B34B-48D3-AC64-131D6CD6604E}"
	ProjectSection(SolutionItems) = preProject
		README.md = README.md
	EndProjectSection
EndProject
Global
	GlobalSection(SolutionConfigurationPlatforms) = preSolution
		Debug|Any CPU = Debug|Any CPU
		Release|Any CPU = Release|Any CPU
	EndGlobalSection
	GlobalSection(ProjectConfigurationPlatforms) = postSolution
		{D12D1FFC-9434-4E45-BD8A-51D2AECDC680}.Debug|Any CPU.ActiveCfg = Debug|Any CPU
		{D12D1FFC-9434-4E45-BD8A-51D2AECDC680}.Debug|Any CPU.Build.0 = Debug|Any CPU
		{D12D1FFC-9434-4E45-BD8A-51D2AECDC680}.Release|Any CPU.ActiveCfg = Release|Any CPU
		{D12D1FFC-9434-4E45-BD8A-51D2AECDC680}.Release|Any CPU.Build.0 = Release|Any CPU
		{6283EFDD-21EC-4FE5-B01E-54588BBB8FCD}.Debug|Any CPU.ActiveCfg = Debug|Any CPU
		{6283EFDD-21EC-4FE5-B01E-54588BBB8FCD}.Debug|Any CPU.Build.0 = Debug|Any CPU
		{6283EFDD-21EC-4FE5-B01E-54588BBB8FCD}.Release|Any CPU.ActiveCfg = Release|Any CPU
		{6283EFDD-21EC-4FE5-B01E-54588BBB8FCD}.Release|Any CPU.Build.0 = Release|Any CPU
		{64CD5D00-7677-4F3B-BBAA-8F70B68DB4A7}.Debug|Any CPU.ActiveCfg = Debug|Any CPU
		{64CD5D00-7677-4F3B-BBAA-8F70B68DB4A7}.Debug|Any CPU.Build.0 = Debug|Any CPU
		{64CD5D00-7677-4F3B-BBAA-8F70B68DB4A7}.Release|Any CPU.ActiveCfg = Release|Any CPU
		{64CD5D00-7677-4F3B-BBAA-8F70B68DB4A7}.Release|Any CPU.Build.0 = Release|Any CPU
		{F0A1BDFD-08C2-4A1E-A6CB-BD996B2274CF}.Debug|Any CPU.ActiveCfg = Debug|Any CPU
		{F0A1BDFD-08C2-4A1E-A6CB-BD996B2274CF}.Debug|Any CPU.Build.0 = Debug|Any CPU
		{F0A1BDFD-08C2-4A1E-A6CB-BD996B2274CF}.Release|Any CPU.ActiveCfg = Release|Any CPU
		{F0A1BDFD-08C2-4A1E-A6CB-BD996B2274CF}.Release|Any CPU.Build.0 = Release|Any CPU
	EndGlobalSection
	GlobalSection(SolutionProperties) = preSolution
		HideSolutionNode = FALSE
	EndGlobalSection
	GlobalSection(NestedProjects) = preSolution
		{D12D1FFC-9434-4E45-BD8A-51D2AECDC680} = {8E50E690-382C-414E-AC59-30874FA77929}
		{6283EFDD-21EC-4FE5-B01E-54588BBB8FCD} = {1BE19189-029E-4D64-973E-9885F1F82B08}
		{64CD5D00-7677-4F3B-BBAA-8F70B68DB4A7} = {8E50E690-382C-414E-AC59-30874FA77929}
		{F0A1BDFD-08C2-4A1E-A6CB-BD996B2274CF} = {1BE19189-029E-4D64-973E-9885F1F82B08}
	EndGlobalSection
	GlobalSection(ExtensibilityGlobals) = postSolution
		SolutionGuid = {6CE74247-B29B-4644-BC6F-79C7B36D2C2C}
	EndGlobalSection
EndGlobal
