
Microsoft Visual Studio Solution File, Format Version 12.00
# Visual Studio Version 16
VisualStudioVersion = 16.0.29324.140
MinimumVisualStudioVersion = 10.0.40219.1
Project("{9A19103F-16F7-4668-BE54-9A1E7A4F7556}") = "SearchApi.Web", "SearchApi.Web\SearchApi.Web.csproj", "{DD1D6EB6-1BF7-4D1E-A5B1-29811FE6EA6D}"
EndProject
Project("{2150E333-8FDC-42A3-9474-1A3956D46DE8}") = "src", "src", "{B95A3792-2D10-4413-9E36-A4724231C3C7}"
EndProject
Project("{2150E333-8FDC-42A3-9474-1A3956D46DE8}") = "test", "test", "{93BFFE80-5160-4C9C-95DD-FF4F8AFFC10A}"
EndProject
Project("{9A19103F-16F7-4668-BE54-9A1E7A4F7556}") = "SearchApi.Web.Test", "SearchApi.Web.Test\SearchApi.Web.Test.csproj", "{84D635D5-44E0-4A16-A59D-995F3DA2F815}"
EndProject
Project("{9A19103F-16F7-4668-BE54-9A1E7A4F7556}") = "SearchApi.Core.Test", "SearchApi.Core.Test\SearchApi.Core.Test.csproj", "{F659BDC0-CD7C-447F-BC62-017C09401F73}"
EndProject
Project("{2150E333-8FDC-42A3-9474-1A3956D46DE8}") = "sample", "sample", "{B1BD0ABB-E9FC-4006-832C-C54D858160C5}"
EndProject
Project("{9A19103F-16F7-4668-BE54-9A1E7A4F7556}") = "SearchAdapter.Sample", "SearchAdapter.Sample\SearchAdapter.Sample.csproj", "{1451DA83-325B-4F9E-8E88-92B678AB2187}"
EndProject
Project("{9A19103F-16F7-4668-BE54-9A1E7A4F7556}") = "SearchAdapter.Sample.Test", "SearchAdapter.Sample.Test\SearchAdapter.Sample.Test.csproj", "{2D7F9201-CD7A-4148-BEE9-64F0BE1FF4FC}"
EndProject
Project("{9A19103F-16F7-4668-BE54-9A1E7A4F7556}") = "BcGov.Fams3.SearchApi.Core", "BcGov.Fams3.SearchApi.Core\BcGov.Fams3.SearchApi.Core.csproj", "{0CF6FF1B-21D7-4C8B-AF45-E9197D776A26}"
EndProject
Project("{9A19103F-16F7-4668-BE54-9A1E7A4F7556}") = "BcGov.Fams3.SearchApi.Contracts", "BcGov.Fams3.SearchApi.Contracts\BcGov.Fams3.SearchApi.Contracts.csproj", "{2C588573-92C7-4DF5-9F1B-DF8F7104DB4D}"
EndProject
Project("{9A19103F-16F7-4668-BE54-9A1E7A4F7556}") = "BcGov.Fams3.Redis", "BcGov.Fams3.Redis\BcGov.Fams3.Redis.csproj", "{8088FBBA-D677-4A6E-92C3-5B0FB3A056DE}"
EndProject
Project("{9A19103F-16F7-4668-BE54-9A1E7A4F7556}") = "BcGov.Fams3.Redis.Test", "BcGov.Fams3.Redis.Test\BcGov.Fams3.Redis.Test.csproj", "{49EF5C7D-140F-4111-8A8B-AD2D452059BD}"
EndProject
Project("{9A19103F-16F7-4668-BE54-9A1E7A4F7556}") = "SearchRequest.Adaptor", "SearchRequest.Adaptor\SearchRequest.Adaptor.csproj", "{A9C68594-907F-481B-84A8-C1107EA1E4C3}"
EndProject
Project("{9A19103F-16F7-4668-BE54-9A1E7A4F7556}") = "AgencyAdapter.Sample", "AgencyAdapter.Sample\AgencyAdapter.Sample.csproj", "{B9153F94-7EEF-4D96-B4BB-A805D2EE555D}"
EndProject
Project("{9A19103F-16F7-4668-BE54-9A1E7A4F7556}") = "AgencAdapter.Sample.Test", "AgencAdapter.Sample.Test\AgencAdapter.Sample.Test.csproj", "{D074F543-2BE2-48E4-AD44-BCC0086EF06D}"
EndProject
Project("{FAE04EC0-301F-11D3-BF4B-00C04F79EFBC}") = "SearchRequest.Adaptor.Test", "SearchRequest.Adaptor.Test\SearchRequest.Adaptor.Test.csproj", "{E2A7AE90-8F94-4E43-AC14-B7D93050135E}"
EndProject
Global
	GlobalSection(SolutionConfigurationPlatforms) = preSolution
		Debug|Any CPU = Debug|Any CPU
		Release|Any CPU = Release|Any CPU
	EndGlobalSection
	GlobalSection(ProjectConfigurationPlatforms) = postSolution
		{DD1D6EB6-1BF7-4D1E-A5B1-29811FE6EA6D}.Debug|Any CPU.ActiveCfg = Debug|Any CPU
		{DD1D6EB6-1BF7-4D1E-A5B1-29811FE6EA6D}.Debug|Any CPU.Build.0 = Debug|Any CPU
		{DD1D6EB6-1BF7-4D1E-A5B1-29811FE6EA6D}.Release|Any CPU.ActiveCfg = Release|Any CPU
		{DD1D6EB6-1BF7-4D1E-A5B1-29811FE6EA6D}.Release|Any CPU.Build.0 = Release|Any CPU
		{84D635D5-44E0-4A16-A59D-995F3DA2F815}.Debug|Any CPU.ActiveCfg = Debug|Any CPU
		{84D635D5-44E0-4A16-A59D-995F3DA2F815}.Debug|Any CPU.Build.0 = Debug|Any CPU
		{84D635D5-44E0-4A16-A59D-995F3DA2F815}.Release|Any CPU.ActiveCfg = Release|Any CPU
		{84D635D5-44E0-4A16-A59D-995F3DA2F815}.Release|Any CPU.Build.0 = Release|Any CPU
		{F659BDC0-CD7C-447F-BC62-017C09401F73}.Debug|Any CPU.ActiveCfg = Debug|Any CPU
		{F659BDC0-CD7C-447F-BC62-017C09401F73}.Debug|Any CPU.Build.0 = Debug|Any CPU
		{F659BDC0-CD7C-447F-BC62-017C09401F73}.Release|Any CPU.ActiveCfg = Release|Any CPU
		{F659BDC0-CD7C-447F-BC62-017C09401F73}.Release|Any CPU.Build.0 = Release|Any CPU
		{1451DA83-325B-4F9E-8E88-92B678AB2187}.Debug|Any CPU.ActiveCfg = Debug|Any CPU
		{1451DA83-325B-4F9E-8E88-92B678AB2187}.Debug|Any CPU.Build.0 = Debug|Any CPU
		{1451DA83-325B-4F9E-8E88-92B678AB2187}.Release|Any CPU.ActiveCfg = Release|Any CPU
		{1451DA83-325B-4F9E-8E88-92B678AB2187}.Release|Any CPU.Build.0 = Release|Any CPU
		{2D7F9201-CD7A-4148-BEE9-64F0BE1FF4FC}.Debug|Any CPU.ActiveCfg = Debug|Any CPU
		{2D7F9201-CD7A-4148-BEE9-64F0BE1FF4FC}.Debug|Any CPU.Build.0 = Debug|Any CPU
		{2D7F9201-CD7A-4148-BEE9-64F0BE1FF4FC}.Release|Any CPU.ActiveCfg = Release|Any CPU
		{2D7F9201-CD7A-4148-BEE9-64F0BE1FF4FC}.Release|Any CPU.Build.0 = Release|Any CPU
		{0CF6FF1B-21D7-4C8B-AF45-E9197D776A26}.Debug|Any CPU.ActiveCfg = Debug|Any CPU
		{0CF6FF1B-21D7-4C8B-AF45-E9197D776A26}.Debug|Any CPU.Build.0 = Debug|Any CPU
		{0CF6FF1B-21D7-4C8B-AF45-E9197D776A26}.Release|Any CPU.ActiveCfg = Release|Any CPU
		{0CF6FF1B-21D7-4C8B-AF45-E9197D776A26}.Release|Any CPU.Build.0 = Release|Any CPU
		{2C588573-92C7-4DF5-9F1B-DF8F7104DB4D}.Debug|Any CPU.ActiveCfg = Debug|Any CPU
		{2C588573-92C7-4DF5-9F1B-DF8F7104DB4D}.Debug|Any CPU.Build.0 = Debug|Any CPU
		{2C588573-92C7-4DF5-9F1B-DF8F7104DB4D}.Release|Any CPU.ActiveCfg = Release|Any CPU
		{2C588573-92C7-4DF5-9F1B-DF8F7104DB4D}.Release|Any CPU.Build.0 = Release|Any CPU
		{8088FBBA-D677-4A6E-92C3-5B0FB3A056DE}.Debug|Any CPU.ActiveCfg = Debug|Any CPU
		{8088FBBA-D677-4A6E-92C3-5B0FB3A056DE}.Debug|Any CPU.Build.0 = Debug|Any CPU
		{8088FBBA-D677-4A6E-92C3-5B0FB3A056DE}.Release|Any CPU.ActiveCfg = Release|Any CPU
		{8088FBBA-D677-4A6E-92C3-5B0FB3A056DE}.Release|Any CPU.Build.0 = Release|Any CPU
		{49EF5C7D-140F-4111-8A8B-AD2D452059BD}.Debug|Any CPU.ActiveCfg = Debug|Any CPU
		{49EF5C7D-140F-4111-8A8B-AD2D452059BD}.Debug|Any CPU.Build.0 = Debug|Any CPU
		{49EF5C7D-140F-4111-8A8B-AD2D452059BD}.Release|Any CPU.ActiveCfg = Release|Any CPU
		{49EF5C7D-140F-4111-8A8B-AD2D452059BD}.Release|Any CPU.Build.0 = Release|Any CPU
		{A9C68594-907F-481B-84A8-C1107EA1E4C3}.Debug|Any CPU.ActiveCfg = Debug|Any CPU
		{A9C68594-907F-481B-84A8-C1107EA1E4C3}.Debug|Any CPU.Build.0 = Debug|Any CPU
		{A9C68594-907F-481B-84A8-C1107EA1E4C3}.Release|Any CPU.ActiveCfg = Release|Any CPU
		{A9C68594-907F-481B-84A8-C1107EA1E4C3}.Release|Any CPU.Build.0 = Release|Any CPU
		{B9153F94-7EEF-4D96-B4BB-A805D2EE555D}.Debug|Any CPU.ActiveCfg = Debug|Any CPU
		{B9153F94-7EEF-4D96-B4BB-A805D2EE555D}.Debug|Any CPU.Build.0 = Debug|Any CPU
		{B9153F94-7EEF-4D96-B4BB-A805D2EE555D}.Release|Any CPU.ActiveCfg = Release|Any CPU
		{B9153F94-7EEF-4D96-B4BB-A805D2EE555D}.Release|Any CPU.Build.0 = Release|Any CPU
		{D074F543-2BE2-48E4-AD44-BCC0086EF06D}.Debug|Any CPU.ActiveCfg = Debug|Any CPU
		{D074F543-2BE2-48E4-AD44-BCC0086EF06D}.Debug|Any CPU.Build.0 = Debug|Any CPU
		{D074F543-2BE2-48E4-AD44-BCC0086EF06D}.Release|Any CPU.ActiveCfg = Release|Any CPU
		{D074F543-2BE2-48E4-AD44-BCC0086EF06D}.Release|Any CPU.Build.0 = Release|Any CPU
		{E2A7AE90-8F94-4E43-AC14-B7D93050135E}.Debug|Any CPU.ActiveCfg = Debug|Any CPU
		{E2A7AE90-8F94-4E43-AC14-B7D93050135E}.Debug|Any CPU.Build.0 = Debug|Any CPU
		{E2A7AE90-8F94-4E43-AC14-B7D93050135E}.Release|Any CPU.ActiveCfg = Release|Any CPU
		{E2A7AE90-8F94-4E43-AC14-B7D93050135E}.Release|Any CPU.Build.0 = Release|Any CPU
	EndGlobalSection
	GlobalSection(SolutionProperties) = preSolution
		HideSolutionNode = FALSE
	EndGlobalSection
	GlobalSection(NestedProjects) = preSolution
		{DD1D6EB6-1BF7-4D1E-A5B1-29811FE6EA6D} = {B95A3792-2D10-4413-9E36-A4724231C3C7}
		{84D635D5-44E0-4A16-A59D-995F3DA2F815} = {93BFFE80-5160-4C9C-95DD-FF4F8AFFC10A}
		{F659BDC0-CD7C-447F-BC62-017C09401F73} = {93BFFE80-5160-4C9C-95DD-FF4F8AFFC10A}
		{1451DA83-325B-4F9E-8E88-92B678AB2187} = {B1BD0ABB-E9FC-4006-832C-C54D858160C5}
		{2D7F9201-CD7A-4148-BEE9-64F0BE1FF4FC} = {93BFFE80-5160-4C9C-95DD-FF4F8AFFC10A}
		{0CF6FF1B-21D7-4C8B-AF45-E9197D776A26} = {B95A3792-2D10-4413-9E36-A4724231C3C7}
		{2C588573-92C7-4DF5-9F1B-DF8F7104DB4D} = {B95A3792-2D10-4413-9E36-A4724231C3C7}
		{8088FBBA-D677-4A6E-92C3-5B0FB3A056DE} = {B95A3792-2D10-4413-9E36-A4724231C3C7}
		{49EF5C7D-140F-4111-8A8B-AD2D452059BD} = {93BFFE80-5160-4C9C-95DD-FF4F8AFFC10A}
		{A9C68594-907F-481B-84A8-C1107EA1E4C3} = {B95A3792-2D10-4413-9E36-A4724231C3C7}
		{B9153F94-7EEF-4D96-B4BB-A805D2EE555D} = {B1BD0ABB-E9FC-4006-832C-C54D858160C5}
		{D074F543-2BE2-48E4-AD44-BCC0086EF06D} = {93BFFE80-5160-4C9C-95DD-FF4F8AFFC10A}
		{E2A7AE90-8F94-4E43-AC14-B7D93050135E} = {93BFFE80-5160-4C9C-95DD-FF4F8AFFC10A}
	EndGlobalSection
	GlobalSection(ExtensibilityGlobals) = postSolution
		SolutionGuid = {EBAF0841-1352-4312-9DA4-74AC4AD9CE04}
	EndGlobalSection
EndGlobal
