
Microsoft Visual Studio Solution File, Format Version 12.00
# Visual Studio Version 16
VisualStudioVersion = 16.0.29324.140
MinimumVisualStudioVersion = 10.0.40219.1
Project("{9A19103F-16F7-4668-BE54-9A1E7A4F7556}") = "SearchApi.Web", "SearchApi.Web\SearchApi.Web.csproj", "{DD1D6EB6-1BF7-4D1E-A5B1-29811FE6EA6D}"
EndProject
Project("{2150E333-8FDC-42A3-9474-1A3956D46DE8}") = "src", "src", "{B95A3792-2D10-4413-9E36-A4724231C3C7}"
EndProject
Project("{2150E333-8FDC-42A3-9474-1A3956D46DE8}") = "test", "test", "{93BFFE80-5160-4C9C-95DD-FF4F8AFFC10A}"
EndProject
Project("{9A19103F-16F7-4668-BE54-9A1E7A4F7556}") = "SearchApi.Web.Test", "SearchApi.Web.Test\SearchApi.Web.Test.csproj", "{84D635D5-44E0-4A16-A59D-995F3DA2F815}"
EndProject
Project("{9A19103F-16F7-4668-BE54-9A1E7A4F7556}") = "SearchAdapter.ICBC", "SearchAdapter.ICBC\SearchAdapter.ICBC.csproj", "{795BEB86-0ACD-4F4D-854D-7746121114BD}"
EndProject
Project("{9A19103F-16F7-4668-BE54-9A1E7A4F7556}") = "SearchApi.Core", "SearchApi.Core\SearchApi.Core.csproj", "{6F4F4616-FE52-4DC8-A714-DE46B576EC6E}"
EndProject
Project("{9A19103F-16F7-4668-BE54-9A1E7A4F7556}") = "SearchApi.Core.Test", "SearchApi.Core.Test\SearchApi.Core.Test.csproj", "{F659BDC0-CD7C-447F-BC62-017C09401F73}"
EndProject
Project("{9A19103F-16F7-4668-BE54-9A1E7A4F7556}") = "SearchAdapter.ICBC.Test", "SearchAdapter.ICBC.Test\SearchAdapter.ICBC.Test.csproj", "{D5FB680B-8F11-42A8-845C-B8A33033D588}"
EndProject
Project("{2150E333-8FDC-42A3-9474-1A3956D46DE8}") = "sample", "sample", "{B1BD0ABB-E9FC-4006-832C-C54D858160C5}"
EndProject
Project("{FAE04EC0-301F-11D3-BF4B-00C04F79EFBC}") = "SearchAdapter.Sample", "SearchAdapter.Sample\SearchAdapter.Sample.csproj", "{1451DA83-325B-4F9E-8E88-92B678AB2187}"
EndProject
Global
	GlobalSection(SolutionConfigurationPlatforms) = preSolution
		Debug|Any CPU = Debug|Any CPU
		Release|Any CPU = Release|Any CPU
	EndGlobalSection
	GlobalSection(ProjectConfigurationPlatforms) = postSolution
		{DD1D6EB6-1BF7-4D1E-A5B1-29811FE6EA6D}.Debug|Any CPU.ActiveCfg = Debug|Any CPU
		{DD1D6EB6-1BF7-4D1E-A5B1-29811FE6EA6D}.Debug|Any CPU.Build.0 = Debug|Any CPU
		{DD1D6EB6-1BF7-4D1E-A5B1-29811FE6EA6D}.Release|Any CPU.ActiveCfg = Release|Any CPU
		{DD1D6EB6-1BF7-4D1E-A5B1-29811FE6EA6D}.Release|Any CPU.Build.0 = Release|Any CPU
		{84D635D5-44E0-4A16-A59D-995F3DA2F815}.Debug|Any CPU.ActiveCfg = Debug|Any CPU
		{84D635D5-44E0-4A16-A59D-995F3DA2F815}.Debug|Any CPU.Build.0 = Debug|Any CPU
		{84D635D5-44E0-4A16-A59D-995F3DA2F815}.Release|Any CPU.ActiveCfg = Release|Any CPU
		{84D635D5-44E0-4A16-A59D-995F3DA2F815}.Release|Any CPU.Build.0 = Release|Any CPU
		{795BEB86-0ACD-4F4D-854D-7746121114BD}.Debug|Any CPU.ActiveCfg = Debug|Any CPU
		{795BEB86-0ACD-4F4D-854D-7746121114BD}.Debug|Any CPU.Build.0 = Debug|Any CPU
		{795BEB86-0ACD-4F4D-854D-7746121114BD}.Release|Any CPU.ActiveCfg = Release|Any CPU
		{795BEB86-0ACD-4F4D-854D-7746121114BD}.Release|Any CPU.Build.0 = Release|Any CPU
		{6F4F4616-FE52-4DC8-A714-DE46B576EC6E}.Debug|Any CPU.ActiveCfg = Debug|Any CPU
		{6F4F4616-FE52-4DC8-A714-DE46B576EC6E}.Debug|Any CPU.Build.0 = Debug|Any CPU
		{6F4F4616-FE52-4DC8-A714-DE46B576EC6E}.Release|Any CPU.ActiveCfg = Release|Any CPU
		{6F4F4616-FE52-4DC8-A714-DE46B576EC6E}.Release|Any CPU.Build.0 = Release|Any CPU
		{F659BDC0-CD7C-447F-BC62-017C09401F73}.Debug|Any CPU.ActiveCfg = Debug|Any CPU
		{F659BDC0-CD7C-447F-BC62-017C09401F73}.Debug|Any CPU.Build.0 = Debug|Any CPU
		{F659BDC0-CD7C-447F-BC62-017C09401F73}.Release|Any CPU.ActiveCfg = Release|Any CPU
		{F659BDC0-CD7C-447F-BC62-017C09401F73}.Release|Any CPU.Build.0 = Release|Any CPU
		{D5FB680B-8F11-42A8-845C-B8A33033D588}.Debug|Any CPU.ActiveCfg = Debug|Any CPU
		{D5FB680B-8F11-42A8-845C-B8A33033D588}.Debug|Any CPU.Build.0 = Debug|Any CPU
		{D5FB680B-8F11-42A8-845C-B8A33033D588}.Release|Any CPU.ActiveCfg = Release|Any CPU
		{D5FB680B-8F11-42A8-845C-B8A33033D588}.Release|Any CPU.Build.0 = Release|Any CPU
		{1451DA83-325B-4F9E-8E88-92B678AB2187}.Debug|Any CPU.ActiveCfg = Debug|Any CPU
		{1451DA83-325B-4F9E-8E88-92B678AB2187}.Debug|Any CPU.Build.0 = Debug|Any CPU
		{1451DA83-325B-4F9E-8E88-92B678AB2187}.Release|Any CPU.ActiveCfg = Release|Any CPU
		{1451DA83-325B-4F9E-8E88-92B678AB2187}.Release|Any CPU.Build.0 = Release|Any CPU
	EndGlobalSection
	GlobalSection(SolutionProperties) = preSolution
		HideSolutionNode = FALSE
	EndGlobalSection
	GlobalSection(NestedProjects) = preSolution
		{DD1D6EB6-1BF7-4D1E-A5B1-29811FE6EA6D} = {B95A3792-2D10-4413-9E36-A4724231C3C7}
		{84D635D5-44E0-4A16-A59D-995F3DA2F815} = {93BFFE80-5160-4C9C-95DD-FF4F8AFFC10A}
		{795BEB86-0ACD-4F4D-854D-7746121114BD} = {B95A3792-2D10-4413-9E36-A4724231C3C7}
		{6F4F4616-FE52-4DC8-A714-DE46B576EC6E} = {B95A3792-2D10-4413-9E36-A4724231C3C7}
		{F659BDC0-CD7C-447F-BC62-017C09401F73} = {93BFFE80-5160-4C9C-95DD-FF4F8AFFC10A}
		{D5FB680B-8F11-42A8-845C-B8A33033D588} = {93BFFE80-5160-4C9C-95DD-FF4F8AFFC10A}
		{1451DA83-325B-4F9E-8E88-92B678AB2187} = {B1BD0ABB-E9FC-4006-832C-C54D858160C5}
	EndGlobalSection
	GlobalSection(ExtensibilityGlobals) = postSolution
		SolutionGuid = {EBAF0841-1352-4312-9DA4-74AC4AD9CE04}
	EndGlobalSection
EndGlobal
