
Microsoft Visual Studio Solution File, Format Version 12.00
# Visual Studio Version 16
VisualStudioVersion = 16.0.29326.143
MinimumVisualStudioVersion = 10.0.40219.1
Project("{FAE04EC0-301F-11D3-BF4B-00C04F79EFBC}") = "DynamicsAdapeter.Web", "DynamicsAdapter.Web\DynamicsAdapeter.Web\DynamicsAdapeter.Web.csproj", "{7391FE7C-3B95-435C-89C5-72DFAD86F45A}"
EndProject
Global
	GlobalSection(SolutionConfigurationPlatforms) = preSolution
		Debug|Any CPU = Debug|Any CPU
		Release|Any CPU = Release|Any CPU
	EndGlobalSection
	GlobalSection(ProjectConfigurationPlatforms) = postSolution
		{7391FE7C-3B95-435C-89C5-72DFAD86F45A}.Debug|Any CPU.ActiveCfg = Debug|Any CPU
		{7391FE7C-3B95-435C-89C5-72DFAD86F45A}.Debug|Any CPU.Build.0 = Debug|Any CPU
		{7391FE7C-3B95-435C-89C5-72DFAD86F45A}.Release|Any CPU.ActiveCfg = Release|Any CPU
		{7391FE7C-3B95-435C-89C5-72DFAD86F45A}.Release|Any CPU.Build.0 = Release|Any CPU
	EndGlobalSection
	GlobalSection(SolutionProperties) = preSolution
		HideSolutionNode = FALSE
	EndGlobalSection
	GlobalSection(ExtensibilityGlobals) = postSolution
		SolutionGuid = {6CE74247-B29B-4644-BC6F-79C7B36D2C2C}
	EndGlobalSection
EndGlobal
